<?xml version="1.0" encoding="utf-8"?>
<Project ToolsVersion="4.0" xmlns="http://schemas.microsoft.com/developer/msbuild/2003">
  <ItemGroup>
    <Filter Include="Source Files">
      <UniqueIdentifier>{4FC737F1-C7A5-4376-A066-2A32D752A2FF}</UniqueIdentifier>
      <Extensions>cpp;c;cc;cxx;c++;cppm;ixx;def;odl;idl;hpj;bat;asm;asmx</Extensions>
    </Filter>
    <Filter Include="Header Files">
      <UniqueIdentifier>{93995380-89BD-4b04-88EB-625FBE52EBFB}</UniqueIdentifier>
      <Extensions>h;hh;hpp;hxx;h++;hm;inl;inc;ipp;xsd</Extensions>
    </Filter>
    <Filter Include="Resource Files">
      <UniqueIdentifier>{67DA6AB6-F800-4c08-8B7A-83BB121AAD01}</UniqueIdentifier>
      <Extensions>rc;ico;cur;bmp;dlg;rc2;rct;bin;rgs;gif;jpg;jpeg;jpe;resx;tiff;tif;png;wav;mfcribbon-ms</Extensions>
    </Filter>
    <Filter Include="Logger">
      <UniqueIdentifier>{09a0a239-e429-4150-b8e3-9f5080ff5c38}</UniqueIdentifier>
    </Filter>
    <Filter Include="Parser">
      <UniqueIdentifier>{1e33a0da-acb5-4b11-9334-dc5c496c9f9c}</UniqueIdentifier>
    </Filter>
    <Filter Include="Encryption">
      <UniqueIdentifier>{cf8d60b9-9c03-4cca-bff9-bf7057b585ba}</UniqueIdentifier>
    </Filter>
    <Filter Include="Utils">
      <UniqueIdentifier>{b5a9835f-cc62-4e2e-bd44-481d64ffae57}</UniqueIdentifier>
    </Filter>
    <Filter Include="io">
      <UniqueIdentifier>{9079e302-232e-4d21-9ac7-81354032bfce}</UniqueIdentifier>
    </Filter>
  </ItemGroup>
  <ItemGroup>
    <ClCompile Include="src\main.cpp">
      <Filter>Source Files</Filter>
    </ClCompile>
    <ClCompile Include="src\parser\Value.cpp">
      <Filter>Parser</Filter>
    </ClCompile>
    <ClCompile Include="src\logger\Logger.cpp">
      <Filter>Logger</Filter>
    </ClCompile>
    <ClCompile Include="src\encryption\EncryptionRegistry.cpp">
      <Filter>Encryption</Filter>
    </ClCompile>
    <ClCompile Include="src\encryption\IEncryptionAlgorithm.cpp">
      <Filter>Encryption</Filter>
    </ClCompile>
    <ClCompile Include="src\encryption\XorEncryption.cpp">
      <Filter>Encryption</Filter>
    </ClCompile>
    <ClCompile Include="src\utils\Crc32.cpp">
      <Filter>Utils</Filter>
    </ClCompile>
    <ClCompile Include="src\encryption\KeyVault.cpp">
      <Filter>Encryption</Filter>
    </ClCompile>
    <ClCompile Include="src\io\FileLoader.cpp">
      <Filter>io</Filter>
    </ClCompile>
    <ClCompile Include="src\io\FilePacker.cpp">
      <Filter>io</Filter>
    </ClCompile>
    <ClCompile Include="src\io\MattFile.cpp">
      <Filter>io</Filter>
    </ClCompile>
    <ClCompile Include="src\encryption\ShiftEncryption.cpp">
      <Filter>Encryption</Filter>
    </ClCompile>
    <ClCompile Include="src\encryption\KeyDerivation.cpp">
      <Filter>Encryption</Filter>
    </ClCompile>
    <ClCompile Include="src\parser\Tokenizer.cpp">
      <Filter>Parser</Filter>
    </ClCompile>
  </ItemGroup>
  <ItemGroup>
    <ClInclude Include="src\parser\Value.h">
      <Filter>Parser</Filter>
    </ClInclude>
    <ClInclude Include="src\logger\Logger.h">
      <Filter>Logger</Filter>
    </ClInclude>
    <ClInclude Include="src\encryption\EncryptionRegistry.h">
      <Filter>Encryption</Filter>
    </ClInclude>
    <ClInclude Include="src\encryption\EncryptionTypes.h">
      <Filter>Encryption</Filter>
    </ClInclude>
    <ClInclude Include="src\encryption\IEncryptionAlgorithm.h">
      <Filter>Encryption</Filter>
    </ClInclude>
    <ClInclude Include="src\encryption\XorEncryption.h">
      <Filter>Encryption</Filter>
    </ClInclude>
    <ClInclude Include="src\utils\Random.h">
      <Filter>Utils</Filter>
    </ClInclude>
    <ClInclude Include="src\utils\Crc32.h">
      <Filter>Utils</Filter>
    </ClInclude>
    <ClInclude Include="src\encryption\KeyVault.h">
      <Filter>Encryption</Filter>
    </ClInclude>
    <ClInclude Include="src\io\Constants.h">
      <Filter>io</Filter>
    </ClInclude>
    <ClInclude Include="src\io\EncryptedPackage.h">
      <Filter>io</Filter>
    </ClInclude>
    <ClInclude Include="src\io\FileHeader.h">
      <Filter>io</Filter>
    </ClInclude>
    <ClInclude Include="src\io\FileLoader.h">
      <Filter>io</Filter>
    </ClInclude>
    <ClInclude Include="src\io\FilePacker.h">
      <Filter>io</Filter>
    </ClInclude>
    <ClInclude Include="src\io\MattFile.h">
      <Filter>io</Filter>
    </ClInclude>
    <ClInclude Include="src\encryption\ShiftEncryption.h">
      <Filter>Encryption</Filter>
    </ClInclude>
    <ClInclude Include="src\encryption\KeyDerivation.h">
      <Filter>Encryption</Filter>
    </ClInclude>
    <ClInclude Include="src\parser\Token.h">
      <Filter>Parser</Filter>
    </ClInclude>
    <ClInclude Include="src\parser\Tokenizer.h">
      <Filter>Parser</Filter>
    </ClInclude>
  </ItemGroup>
</Project>